
Microsoft Visual Studio Solution File, Format Version 12.00
# Visual Studio Version 17
VisualStudioVersion = 17.4.33205.214
MinimumVisualStudioVersion = 10.0.40219.1
Project("{FAE04EC0-301F-11D3-BF4B-00C04F79EFBC}") = "TesteEnquanto", "TesteEnquanto\TesteEnquanto.csproj", "{59E35271-FC97-4E49-81E1-254DFB0989F4}"
EndProject
Global
	GlobalSection(SolutionConfigurationPlatforms) = preSolution
		Debug|Any CPU = Debug|Any CPU
		Release|Any CPU = Release|Any CPU
	EndGlobalSection
	GlobalSection(ProjectConfigurationPlatforms) = postSolution
		{59E35271-FC97-4E49-81E1-254DFB0989F4}.Debug|Any CPU.ActiveCfg = Debug|Any CPU
		{59E35271-FC97-4E49-81E1-254DFB0989F4}.Debug|Any CPU.Build.0 = Debug|Any CPU
		{59E35271-FC97-4E49-81E1-254DFB0989F4}.Release|Any CPU.ActiveCfg = Release|Any CPU
		{59E35271-FC97-4E49-81E1-254DFB0989F4}.Release|Any CPU.Build.0 = Release|Any CPU
	EndGlobalSection
	GlobalSection(SolutionProperties) = preSolution
		HideSolutionNode = FALSE
	EndGlobalSection
	GlobalSection(ExtensibilityGlobals) = postSolution
		SolutionGuid = {C2A6DFC0-35D1-499C-B682-D3B1B359E1CB}
	EndGlobalSection
EndGlobal
