
Microsoft Visual Studio Solution File, Format Version 12.00
# Visual Studio Version 17
VisualStudioVersion = 17.4.33205.214
MinimumVisualStudioVersion = 10.0.40219.1
Project("{FAE04EC0-301F-11D3-BF4B-00C04F79EFBC}") = "MenorNumero", "MenorNumero\MenorNumero.csproj", "{CCEFD827-F1F2-44FD-BE42-FA8D439AEA0E}"
EndProject
Global
	GlobalSection(SolutionConfigurationPlatforms) = preSolution
		Debug|Any CPU = Debug|Any CPU
		Release|Any CPU = Release|Any CPU
	EndGlobalSection
	GlobalSection(ProjectConfigurationPlatforms) = postSolution
		{CCEFD827-F1F2-44FD-BE42-FA8D439AEA0E}.Debug|Any CPU.ActiveCfg = Debug|Any CPU
		{CCEFD827-F1F2-44FD-BE42-FA8D439AEA0E}.Debug|Any CPU.Build.0 = Debug|Any CPU
		{CCEFD827-F1F2-44FD-BE42-FA8D439AEA0E}.Release|Any CPU.ActiveCfg = Release|Any CPU
		{CCEFD827-F1F2-44FD-BE42-FA8D439AEA0E}.Release|Any CPU.Build.0 = Release|Any CPU
	EndGlobalSection
	GlobalSection(SolutionProperties) = preSolution
		HideSolutionNode = FALSE
	EndGlobalSection
	GlobalSection(ExtensibilityGlobals) = postSolution
		SolutionGuid = {F41BFF0D-D948-4B93-AD47-8CB9158329E4}
	EndGlobalSection
EndGlobal
