
Microsoft Visual Studio Solution File, Format Version 12.00
# Visual Studio Version 17
VisualStudioVersion = 17.4.33205.214
MinimumVisualStudioVersion = 10.0.40219.1
Project("{FAE04EC0-301F-11D3-BF4B-00C04F79EFBC}") = "OMaior", "OMaior\OMaior.csproj", "{8645C7B7-5115-4C95-9B10-8FB9EA55E43E}"
EndProject
Global
	GlobalSection(SolutionConfigurationPlatforms) = preSolution
		Debug|Any CPU = Debug|Any CPU
		Release|Any CPU = Release|Any CPU
	EndGlobalSection
	GlobalSection(ProjectConfigurationPlatforms) = postSolution
		{8645C7B7-5115-4C95-9B10-8FB9EA55E43E}.Debug|Any CPU.ActiveCfg = Debug|Any CPU
		{8645C7B7-5115-4C95-9B10-8FB9EA55E43E}.Debug|Any CPU.Build.0 = Debug|Any CPU
		{8645C7B7-5115-4C95-9B10-8FB9EA55E43E}.Release|Any CPU.ActiveCfg = Release|Any CPU
		{8645C7B7-5115-4C95-9B10-8FB9EA55E43E}.Release|Any CPU.Build.0 = Release|Any CPU
	EndGlobalSection
	GlobalSection(SolutionProperties) = preSolution
		HideSolutionNode = FALSE
	EndGlobalSection
	GlobalSection(ExtensibilityGlobals) = postSolution
		SolutionGuid = {997D58C8-4BF0-44F4-BB07-224B6B0250A8}
	EndGlobalSection
EndGlobal
