
Microsoft Visual Studio Solution File, Format Version 12.00
# Visual Studio Version 17
VisualStudioVersion = 17.4.33205.214
MinimumVisualStudioVersion = 10.0.40219.1
Project("{FAE04EC0-301F-11D3-BF4B-00C04F79EFBC}") = "SomaUri", "SomaUri\SomaUri.csproj", "{652E9FF9-CC7D-4917-812C-113EDE9AB245}"
EndProject
Global
	GlobalSection(SolutionConfigurationPlatforms) = preSolution
		Debug|Any CPU = Debug|Any CPU
		Release|Any CPU = Release|Any CPU
	EndGlobalSection
	GlobalSection(ProjectConfigurationPlatforms) = postSolution
		{652E9FF9-CC7D-4917-812C-113EDE9AB245}.Debug|Any CPU.ActiveCfg = Debug|Any CPU
		{652E9FF9-CC7D-4917-812C-113EDE9AB245}.Debug|Any CPU.Build.0 = Debug|Any CPU
		{652E9FF9-CC7D-4917-812C-113EDE9AB245}.Release|Any CPU.ActiveCfg = Release|Any CPU
		{652E9FF9-CC7D-4917-812C-113EDE9AB245}.Release|Any CPU.Build.0 = Release|Any CPU
	EndGlobalSection
	GlobalSection(SolutionProperties) = preSolution
		HideSolutionNode = FALSE
	EndGlobalSection
	GlobalSection(ExtensibilityGlobals) = postSolution
		SolutionGuid = {AAC0FAC0-09B6-402D-9715-BA1047065D9B}
	EndGlobalSection
EndGlobal
