
Microsoft Visual Studio Solution File, Format Version 12.00
# Visual Studio Version 17
VisualStudioVersion = 17.4.33205.214
MinimumVisualStudioVersion = 10.0.40219.1
Project("{FAE04EC0-301F-11D3-BF4B-00C04F79EFBC}") = "ifHoras", "ifHoras\ifHoras.csproj", "{4DE9A7E9-B656-42A7-B24C-B2EB42583A36}"
EndProject
Global
	GlobalSection(SolutionConfigurationPlatforms) = preSolution
		Debug|Any CPU = Debug|Any CPU
		Release|Any CPU = Release|Any CPU
	EndGlobalSection
	GlobalSection(ProjectConfigurationPlatforms) = postSolution
		{4DE9A7E9-B656-42A7-B24C-B2EB42583A36}.Debug|Any CPU.ActiveCfg = Debug|Any CPU
		{4DE9A7E9-B656-42A7-B24C-B2EB42583A36}.Debug|Any CPU.Build.0 = Debug|Any CPU
		{4DE9A7E9-B656-42A7-B24C-B2EB42583A36}.Release|Any CPU.ActiveCfg = Release|Any CPU
		{4DE9A7E9-B656-42A7-B24C-B2EB42583A36}.Release|Any CPU.Build.0 = Release|Any CPU
	EndGlobalSection
	GlobalSection(SolutionProperties) = preSolution
		HideSolutionNode = FALSE
	EndGlobalSection
	GlobalSection(ExtensibilityGlobals) = postSolution
		SolutionGuid = {69C989CC-5611-404F-9476-83AFD31EBFD4}
	EndGlobalSection
EndGlobal
