
Microsoft Visual Studio Solution File, Format Version 12.00
# Visual Studio Version 17
VisualStudioVersion = 17.4.33205.214
MinimumVisualStudioVersion = 10.0.40219.1
Project("{FAE04EC0-301F-11D3-BF4B-00C04F79EFBC}") = "Diferenca", "Diferenca\Diferenca.csproj", "{0CF4297F-EF65-494D-AE50-5D72C8C1D771}"
EndProject
Global
	GlobalSection(SolutionConfigurationPlatforms) = preSolution
		Debug|Any CPU = Debug|Any CPU
		Release|Any CPU = Release|Any CPU
	EndGlobalSection
	GlobalSection(ProjectConfigurationPlatforms) = postSolution
		{0CF4297F-EF65-494D-AE50-5D72C8C1D771}.Debug|Any CPU.ActiveCfg = Debug|Any CPU
		{0CF4297F-EF65-494D-AE50-5D72C8C1D771}.Debug|Any CPU.Build.0 = Debug|Any CPU
		{0CF4297F-EF65-494D-AE50-5D72C8C1D771}.Release|Any CPU.ActiveCfg = Release|Any CPU
		{0CF4297F-EF65-494D-AE50-5D72C8C1D771}.Release|Any CPU.Build.0 = Release|Any CPU
	EndGlobalSection
	GlobalSection(SolutionProperties) = preSolution
		HideSolutionNode = FALSE
	EndGlobalSection
	GlobalSection(ExtensibilityGlobals) = postSolution
		SolutionGuid = {847D8A15-D7AB-4773-A9E6-A02A2048375E}
	EndGlobalSection
EndGlobal
