
Microsoft Visual Studio Solution File, Format Version 12.00
# Visual Studio Version 17
VisualStudioVersion = 17.4.33403.182
MinimumVisualStudioVersion = 10.0.40219.1
Project("{FAE04EC0-301F-11D3-BF4B-00C04F79EFBC}") = "ProdutoEncapsulamento", "ProdutoEncapsulamento\ProdutoEncapsulamento.csproj", "{FCAB73B1-1BE0-4997-8661-99D6E017C751}"
EndProject
Global
	GlobalSection(SolutionConfigurationPlatforms) = preSolution
		Debug|Any CPU = Debug|Any CPU
		Release|Any CPU = Release|Any CPU
	EndGlobalSection
	GlobalSection(ProjectConfigurationPlatforms) = postSolution
		{FCAB73B1-1BE0-4997-8661-99D6E017C751}.Debug|Any CPU.ActiveCfg = Debug|Any CPU
		{FCAB73B1-1BE0-4997-8661-99D6E017C751}.Debug|Any CPU.Build.0 = Debug|Any CPU
		{FCAB73B1-1BE0-4997-8661-99D6E017C751}.Release|Any CPU.ActiveCfg = Release|Any CPU
		{FCAB73B1-1BE0-4997-8661-99D6E017C751}.Release|Any CPU.Build.0 = Release|Any CPU
	EndGlobalSection
	GlobalSection(SolutionProperties) = preSolution
		HideSolutionNode = FALSE
	EndGlobalSection
	GlobalSection(ExtensibilityGlobals) = postSolution
		SolutionGuid = {64EAC889-58A0-42AA-81AC-C1DCAC2ECBAD}
	EndGlobalSection
EndGlobal
