
Microsoft Visual Studio Solution File, Format Version 12.00
# Visual Studio Version 17
VisualStudioVersion = 17.4.33205.214
MinimumVisualStudioVersion = 10.0.40219.1
Project("{FAE04EC0-301F-11D3-BF4B-00C04F79EFBC}") = "forN", "forN\forN.csproj", "{A751BD69-C549-407A-B3DB-73FF640A6032}"
EndProject
Global
	GlobalSection(SolutionConfigurationPlatforms) = preSolution
		Debug|Any CPU = Debug|Any CPU
		Release|Any CPU = Release|Any CPU
	EndGlobalSection
	GlobalSection(ProjectConfigurationPlatforms) = postSolution
		{A751BD69-C549-407A-B3DB-73FF640A6032}.Debug|Any CPU.ActiveCfg = Debug|Any CPU
		{A751BD69-C549-407A-B3DB-73FF640A6032}.Debug|Any CPU.Build.0 = Debug|Any CPU
		{A751BD69-C549-407A-B3DB-73FF640A6032}.Release|Any CPU.ActiveCfg = Release|Any CPU
		{A751BD69-C549-407A-B3DB-73FF640A6032}.Release|Any CPU.Build.0 = Release|Any CPU
	EndGlobalSection
	GlobalSection(SolutionProperties) = preSolution
		HideSolutionNode = FALSE
	EndGlobalSection
	GlobalSection(ExtensibilityGlobals) = postSolution
		SolutionGuid = {79AE4805-9AFF-44AA-B9B0-27DBF32DD84D}
	EndGlobalSection
EndGlobal
