
Microsoft Visual Studio Solution File, Format Version 12.00
# Visual Studio Version 17
VisualStudioVersion = 17.4.33205.214
MinimumVisualStudioVersion = 10.0.40219.1
Project("{FAE04EC0-301F-11D3-BF4B-00C04F79EFBC}") = "Lanche", "Lanche\Lanche.csproj", "{DC7B6EC7-D5DC-41EC-893D-7F1ED172DAAD}"
EndProject
Global
	GlobalSection(SolutionConfigurationPlatforms) = preSolution
		Debug|Any CPU = Debug|Any CPU
		Release|Any CPU = Release|Any CPU
	EndGlobalSection
	GlobalSection(ProjectConfigurationPlatforms) = postSolution
		{DC7B6EC7-D5DC-41EC-893D-7F1ED172DAAD}.Debug|Any CPU.ActiveCfg = Debug|Any CPU
		{DC7B6EC7-D5DC-41EC-893D-7F1ED172DAAD}.Debug|Any CPU.Build.0 = Debug|Any CPU
		{DC7B6EC7-D5DC-41EC-893D-7F1ED172DAAD}.Release|Any CPU.ActiveCfg = Release|Any CPU
		{DC7B6EC7-D5DC-41EC-893D-7F1ED172DAAD}.Release|Any CPU.Build.0 = Release|Any CPU
	EndGlobalSection
	GlobalSection(SolutionProperties) = preSolution
		HideSolutionNode = FALSE
	EndGlobalSection
	GlobalSection(ExtensibilityGlobals) = postSolution
		SolutionGuid = {32A7093D-82A6-4741-A8AB-9CEC53CB22EB}
	EndGlobalSection
EndGlobal
