
Microsoft Visual Studio Solution File, Format Version 12.00
# Visual Studio Version 17
VisualStudioVersion = 17.4.33205.214
MinimumVisualStudioVersion = 10.0.40219.1
Project("{FAE04EC0-301F-11D3-BF4B-00C04F79EFBC}") = "FormulaBhaskara", "FormulaBhaskara\FormulaBhaskara.csproj", "{9F218F97-285E-40DF-989D-6F408F30B677}"
EndProject
Global
	GlobalSection(SolutionConfigurationPlatforms) = preSolution
		Debug|Any CPU = Debug|Any CPU
		Release|Any CPU = Release|Any CPU
	EndGlobalSection
	GlobalSection(ProjectConfigurationPlatforms) = postSolution
		{9F218F97-285E-40DF-989D-6F408F30B677}.Debug|Any CPU.ActiveCfg = Debug|Any CPU
		{9F218F97-285E-40DF-989D-6F408F30B677}.Debug|Any CPU.Build.0 = Debug|Any CPU
		{9F218F97-285E-40DF-989D-6F408F30B677}.Release|Any CPU.ActiveCfg = Release|Any CPU
		{9F218F97-285E-40DF-989D-6F408F30B677}.Release|Any CPU.Build.0 = Release|Any CPU
	EndGlobalSection
	GlobalSection(SolutionProperties) = preSolution
		HideSolutionNode = FALSE
	EndGlobalSection
	GlobalSection(ExtensibilityGlobals) = postSolution
		SolutionGuid = {767127EE-D803-48A8-84E1-43021C575AA9}
	EndGlobalSection
EndGlobal
