
Microsoft Visual Studio Solution File, Format Version 12.00
# Visual Studio Version 17
VisualStudioVersion = 17.4.33205.214
MinimumVisualStudioVersion = 10.0.40219.1
Project("{FAE04EC0-301F-11D3-BF4B-00C04F79EFBC}") = "vetor", "vetor\vetor.csproj", "{E5364250-FF09-4BCF-A5D4-80DBF94F8878}"
EndProject
Global
	GlobalSection(SolutionConfigurationPlatforms) = preSolution
		Debug|Any CPU = Debug|Any CPU
		Release|Any CPU = Release|Any CPU
	EndGlobalSection
	GlobalSection(ProjectConfigurationPlatforms) = postSolution
		{E5364250-FF09-4BCF-A5D4-80DBF94F8878}.Debug|Any CPU.ActiveCfg = Debug|Any CPU
		{E5364250-FF09-4BCF-A5D4-80DBF94F8878}.Debug|Any CPU.Build.0 = Debug|Any CPU
		{E5364250-FF09-4BCF-A5D4-80DBF94F8878}.Release|Any CPU.ActiveCfg = Release|Any CPU
		{E5364250-FF09-4BCF-A5D4-80DBF94F8878}.Release|Any CPU.Build.0 = Release|Any CPU
	EndGlobalSection
	GlobalSection(SolutionProperties) = preSolution
		HideSolutionNode = FALSE
	EndGlobalSection
	GlobalSection(ExtensibilityGlobals) = postSolution
		SolutionGuid = {2A138B47-78ED-4DD6-AC7B-2BDF60F0F62E}
	EndGlobalSection
EndGlobal
