
Microsoft Visual Studio Solution File, Format Version 12.00
# Visual Studio Version 17
VisualStudioVersion = 17.4.33205.214
MinimumVisualStudioVersion = 10.0.40219.1
Project("{FAE04EC0-301F-11D3-BF4B-00C04F79EFBC}") = "VetorSomaValores", "VetorSomaValores\VetorSomaValores.csproj", "{1F846A77-FE82-42C2-9CEF-31C44F617BE5}"
EndProject
Global
	GlobalSection(SolutionConfigurationPlatforms) = preSolution
		Debug|Any CPU = Debug|Any CPU
		Release|Any CPU = Release|Any CPU
	EndGlobalSection
	GlobalSection(ProjectConfigurationPlatforms) = postSolution
		{1F846A77-FE82-42C2-9CEF-31C44F617BE5}.Debug|Any CPU.ActiveCfg = Debug|Any CPU
		{1F846A77-FE82-42C2-9CEF-31C44F617BE5}.Debug|Any CPU.Build.0 = Debug|Any CPU
		{1F846A77-FE82-42C2-9CEF-31C44F617BE5}.Release|Any CPU.ActiveCfg = Release|Any CPU
		{1F846A77-FE82-42C2-9CEF-31C44F617BE5}.Release|Any CPU.Build.0 = Release|Any CPU
	EndGlobalSection
	GlobalSection(SolutionProperties) = preSolution
		HideSolutionNode = FALSE
	EndGlobalSection
	GlobalSection(ExtensibilityGlobals) = postSolution
		SolutionGuid = {DA9E58E8-0F57-46A1-BD9B-5C8C397302AD}
	EndGlobalSection
EndGlobal
