
Microsoft Visual Studio Solution File, Format Version 12.00
# Visual Studio Version 17
VisualStudioVersion = 17.4.33205.214
MinimumVisualStudioVersion = 10.0.40219.1
Project("{FAE04EC0-301F-11D3-BF4B-00C04F79EFBC}") = "whileQuadrante", "whileQuadrante\whileQuadrante.csproj", "{03249B36-9E60-4D8B-85AB-00F35E4D9D27}"
EndProject
Global
	GlobalSection(SolutionConfigurationPlatforms) = preSolution
		Debug|Any CPU = Debug|Any CPU
		Release|Any CPU = Release|Any CPU
	EndGlobalSection
	GlobalSection(ProjectConfigurationPlatforms) = postSolution
		{03249B36-9E60-4D8B-85AB-00F35E4D9D27}.Debug|Any CPU.ActiveCfg = Debug|Any CPU
		{03249B36-9E60-4D8B-85AB-00F35E4D9D27}.Debug|Any CPU.Build.0 = Debug|Any CPU
		{03249B36-9E60-4D8B-85AB-00F35E4D9D27}.Release|Any CPU.ActiveCfg = Release|Any CPU
		{03249B36-9E60-4D8B-85AB-00F35E4D9D27}.Release|Any CPU.Build.0 = Release|Any CPU
	EndGlobalSection
	GlobalSection(SolutionProperties) = preSolution
		HideSolutionNode = FALSE
	EndGlobalSection
	GlobalSection(ExtensibilityGlobals) = postSolution
		SolutionGuid = {D1BFCB44-1144-495F-A30B-A5964546B5AE}
	EndGlobalSection
EndGlobal
